{
  "projects": [
    {
      "projectId": "22U3ZXm4dE59qEW488gxzU",
      "version": "0.17.0",
      "dependencies": {},
      "lang": "ts",
      "fileLocks": [
        {
          "assetId": "22U3ZXm4dE59qEW488gxzU",
          "type": "projectCss",
          "checksum": "378b46b2b5bf0308d8e810f8a369fe93"
        },
        {
          "assetId": "22U3ZXm4dE59qEW488gxzU",
          "checksum": "6841b93ead8782d589ba61e703f58b25",
          "type": "globalContexts"
        }
      ],
      "codegenVersion": "0.0.1"
    },
    {
      "projectId": "62fk78rY9xoShC3bnaKgA9",
      "version": "latest",
      "dependencies": {
        "22U3ZXm4dE59qEW488gxzU": "0.17.0",
        "r3ASNrnyvLLLAtDvzUioQ": "3.15.0",
        "enk3K4vZ6pmH6kVCoZJXGn": "4.15.0",
        "ohDidvG9XsCeFumugENU3J": "4.6.0",
        "caTPwKxj5ZrD9LQ7DMdK4Z": "3.19.0",
        "58GpZjZCWTaJ8AUhpCwt2K": "3.16.0",
        "84wxoth5npGrp6RRXPL88z": "4.16.0"
      },
      "lang": "ts",
      "fileLocks": [
        {
          "type": "globalVariant",
          "assetId": "7Yt-akblAUxFb",
          "checksum": "97dff1a0ac743c2560dd1153b3cfac7d"
        },
        {
          "assetId": "62fk78rY9xoShC3bnaKgA9",
          "checksum": "d0b3c04c5ea21a341e8930fc4660e591",
          "type": "globalContexts"
        },
        {
          "type": "renderModule",
          "assetId": "qFoMLkshDIMc",
          "checksum": "24831d97d2165cbd9edcb20ddc8fe25d"
        },
        {
          "type": "cssRules",
          "assetId": "qFoMLkshDIMc",
          "checksum": "24831d97d2165cbd9edcb20ddc8fe25d"
        },
        {
          "type": "renderModule",
          "assetId": "-10-aw9bNw",
          "checksum": "0c3f88323edb4b539269378eb142535a"
        },
        {
          "type": "cssRules",
          "assetId": "-10-aw9bNw",
          "checksum": "0c3f88323edb4b539269378eb142535a"
        },
        {
          "type": "renderModule",
          "assetId": "tCLmdV1-a5",
          "checksum": "e0708590f3f0497b523c9a35d230885f"
        },
        {
          "type": "cssRules",
          "assetId": "tCLmdV1-a5",
          "checksum": "e0708590f3f0497b523c9a35d230885f"
        },
        {
          "type": "renderModule",
          "assetId": "02HmyteR4qq",
          "checksum": "71b3c0afa72ca7739a6e8a3c02e4ffcc"
        },
        {
          "type": "cssRules",
          "assetId": "02HmyteR4qq",
          "checksum": "71b3c0afa72ca7739a6e8a3c02e4ffcc"
        },
        {
          "type": "icon",
          "assetId": "2oSyQCFheDJ",
          "checksum": "2ad78f67ebf1bcaac2982b220ebb57f7"
        },
        {
          "type": "icon",
          "assetId": "XBieVn7nEqJ",
          "checksum": "47b90455dd7f7dd654dc5ff8f06f2bf7"
        },
        {
          "type": "image",
          "assetId": "CwGLW5Nm6",
          "checksum": "d65b667f3650bfca706e6b714834604b"
        },
        {
          "type": "renderModule",
          "assetId": "-w4zVRfnGC",
          "checksum": "79630e62b93f67c1326263d588e76303"
        },
        {
          "type": "cssRules",
          "assetId": "-w4zVRfnGC",
          "checksum": "79630e62b93f67c1326263d588e76303"
        },
        {
          "type": "icon",
          "assetId": "8wYuQ9ltP1",
          "checksum": "d70dd07d34ffdc7296fe6272846a89e6"
        },
        {
          "type": "renderModule",
          "assetId": "01XWUA7Wd5",
          "checksum": "09d34f533ba06f19337ac5a57d8dd958"
        },
        {
          "type": "cssRules",
          "assetId": "01XWUA7Wd5",
          "checksum": "09d34f533ba06f19337ac5a57d8dd958"
        },
        {
          "type": "icon",
          "assetId": "LT2cH1PbKL",
          "checksum": "77e4b2d62fa580303bec7fa316e10aff"
        },
        {
          "type": "icon",
          "assetId": "cM9KKnXrjB",
          "checksum": "822183ccf2ce73e3c58e780402dcdce3"
        },
        {
          "type": "icon",
          "assetId": "ioPnHlLgy4",
          "checksum": "cb1bb25d8226400f339dd7d3ee5bcd2e"
        },
        {
          "type": "icon",
          "assetId": "DcuxjPu_O-",
          "checksum": "3d9842d5a8551ddc21e1b9308cc8b211"
        },
        {
          "type": "renderModule",
          "assetId": "Xfvd6ITT7P8",
          "checksum": "7483222a3e1ddb5f993b4cbd017802c8"
        },
        {
          "type": "cssRules",
          "assetId": "Xfvd6ITT7P8",
          "checksum": "7483222a3e1ddb5f993b4cbd017802c8"
        },
        {
          "type": "renderModule",
          "assetId": "pbUMAB_a20",
          "checksum": "fcd915d62cd7e8dfa2938411aa57e8f7"
        },
        {
          "type": "cssRules",
          "assetId": "pbUMAB_a20",
          "checksum": "fcd915d62cd7e8dfa2938411aa57e8f7"
        },
        {
          "type": "icon",
          "assetId": "MNB752PXfu",
          "checksum": "8935656c041910790674dca5c3ec85e6"
        },
        {
          "type": "icon",
          "assetId": "-IsdiWPjUL",
          "checksum": "88f74e26ca9f02e1b38e78ebcfc99bcb"
        },
        {
          "type": "icon",
          "assetId": "PO8nVHU_jj",
          "checksum": "d708a47b8bdbe8499ce0935f79c0422b"
        },
        {
          "type": "icon",
          "assetId": "rgnhi2tidT",
          "checksum": "237d96df9470c327feb2f894ff721a5d"
        },
        {
          "type": "icon",
          "assetId": "GDHEOglvzt",
          "checksum": "eb5db1f8116c3d3054c07e603871a84b"
        },
        {
          "type": "image",
          "assetId": "0tjgH1qS9",
          "checksum": "1de19df35f64c7995f3862d6015a0361"
        },
        {
          "type": "image",
          "assetId": "3qJopELnf",
          "checksum": "72c40b94a4889b040e5f5d513e14a90f"
        },
        {
          "type": "image",
          "assetId": "mEs2Mx_Qw",
          "checksum": "2bea1a7ba37e8704769e160d6f0b8a3f"
        },
        {
          "type": "image",
          "assetId": "aXy0qFhDI",
          "checksum": "96309fd225e260ee2e20f9740b737090"
        },
        {
          "type": "renderModule",
          "assetId": "-WLyt8cvAaz",
          "checksum": "ed75c98b08495bcdc383c12da607b6f3"
        },
        {
          "type": "cssRules",
          "assetId": "-WLyt8cvAaz",
          "checksum": "ed75c98b08495bcdc383c12da607b6f3"
        },
        {
          "type": "image",
          "assetId": "-R-CqeQlA",
          "checksum": "c93dbde30dfec74e1bd54582e28ef0a7"
        },
        {
          "assetId": "62fk78rY9xoShC3bnaKgA9",
          "type": "projectCss",
          "checksum": "35e416bddc721404669d116e21a3e616"
        }
      ],
      "codegenVersion": "0.0.1"
    },
    {
      "projectId": "r3ASNrnyvLLLAtDvzUioQ",
      "version": "3.15.0",
      "dependencies": {},
      "lang": "ts",
      "fileLocks": [
        {
          "assetId": "r3ASNrnyvLLLAtDvzUioQ",
          "type": "projectCss",
          "checksum": "97ec772be5160e37b26814fd84fdccb9"
        }
      ],
      "codegenVersion": "0.0.1"
    },
    {
      "projectId": "caTPwKxj5ZrD9LQ7DMdK4Z",
      "version": "3.19.0",
      "dependencies": {},
      "lang": "ts",
      "fileLocks": [
        {
          "assetId": "caTPwKxj5ZrD9LQ7DMdK4Z",
          "type": "projectCss",
          "checksum": "9fe64c4dd8439ba4d2df6de161f0ad40"
        }
      ],
      "codegenVersion": "0.0.1"
    },
    {
      "projectId": "ohDidvG9XsCeFumugENU3J",
      "version": "4.6.0",
      "dependencies": {},
      "lang": "ts",
      "fileLocks": [
        {
          "assetId": "ohDidvG9XsCeFumugENU3J",
          "type": "projectCss",
          "checksum": "fd83b730367fdbde2c69bc6cf31c2a3c"
        },
        {
          "assetId": "ohDidvG9XsCeFumugENU3J",
          "checksum": "8f45a75070e2f0edc34a4dc3d5f6b736",
          "type": "globalContexts"
        }
      ],
      "codegenVersion": "0.0.1"
    },
    {
      "projectId": "enk3K4vZ6pmH6kVCoZJXGn",
      "version": "4.15.0",
      "dependencies": {},
      "lang": "ts",
      "fileLocks": [
        {
          "assetId": "enk3K4vZ6pmH6kVCoZJXGn",
          "type": "projectCss",
          "checksum": "46129a8140f7bf604dec903e19777f53"
        }
      ],
      "codegenVersion": "0.0.1"
    },
    {
      "projectId": "84wxoth5npGrp6RRXPL88z",
      "version": "4.16.0",
      "dependencies": {},
      "lang": "ts",
      "fileLocks": [
        {
          "assetId": "84wxoth5npGrp6RRXPL88z",
          "type": "projectCss",
          "checksum": "d951314833b1846f4b7c384128792976"
        },
        {
          "assetId": "84wxoth5npGrp6RRXPL88z",
          "checksum": "9e5d7715fa73643035101a564f263924",
          "type": "globalContexts"
        }
      ],
      "codegenVersion": "0.0.1"
    },
    {
      "projectId": "58GpZjZCWTaJ8AUhpCwt2K",
      "version": "3.16.0",
      "dependencies": {},
      "lang": "ts",
      "fileLocks": [
        {
          "assetId": "58GpZjZCWTaJ8AUhpCwt2K",
          "type": "projectCss",
          "checksum": "fd84921cc10936e6ceb458c2ae01c4bd"
        }
      ],
      "codegenVersion": "0.0.1"
    }
  ],
  "cliVersion": "0.1.292"
}
