{
  "projects": [
    {
      "projectId": "22U3ZXm4dE59qEW488gxzU",
      "version": "0.17.0",
      "dependencies": {},
      "lang": "ts",
      "fileLocks": [
        {
          "assetId": "22U3ZXm4dE59qEW488gxzU",
          "type": "projectCss",
          "checksum": "378b46b2b5bf0308d8e810f8a369fe93"
        },
        {
          "assetId": "22U3ZXm4dE59qEW488gxzU",
          "checksum": "6841b93ead8782d589ba61e703f58b25",
          "type": "globalContexts"
        }
      ],
      "codegenVersion": "0.0.1"
    },
    {
      "projectId": "62fk78rY9xoShC3bnaKgA9",
      "version": "latest",
      "dependencies": {
        "22U3ZXm4dE59qEW488gxzU": "0.17.0",
        "r3ASNrnyvLLLAtDvzUioQ": "3.15.0",
        "enk3K4vZ6pmH6kVCoZJXGn": "4.15.0",
        "ohDidvG9XsCeFumugENU3J": "4.6.0",
        "caTPwKxj5ZrD9LQ7DMdK4Z": "3.19.0"
      },
      "lang": "ts",
      "fileLocks": [
        {
          "type": "globalVariant",
          "assetId": "7Yt-akblAUxFb",
          "checksum": "97dff1a0ac743c2560dd1153b3cfac7d"
        },
        {
          "assetId": "62fk78rY9xoShC3bnaKgA9",
          "checksum": "047a29b1c30c1d958a9d734292e30169",
          "type": "globalContexts"
        },
        {
          "type": "renderModule",
          "assetId": "qFoMLkshDIMc",
          "checksum": "24831d97d2165cbd9edcb20ddc8fe25d"
        },
        {
          "type": "cssRules",
          "assetId": "qFoMLkshDIMc",
          "checksum": "24831d97d2165cbd9edcb20ddc8fe25d"
        },
        {
          "type": "renderModule",
          "assetId": "-10-aw9bNw",
          "checksum": "ec98c1b7f0eaaa4ec7c0651a8e63547c"
        },
        {
          "type": "cssRules",
          "assetId": "-10-aw9bNw",
          "checksum": "ec98c1b7f0eaaa4ec7c0651a8e63547c"
        },
        {
          "type": "renderModule",
          "assetId": "tCLmdV1-a5",
          "checksum": "0d8ca24b78fc25d39b9fb1a36e5316cb"
        },
        {
          "type": "cssRules",
          "assetId": "tCLmdV1-a5",
          "checksum": "0d8ca24b78fc25d39b9fb1a36e5316cb"
        },
        {
          "type": "renderModule",
          "assetId": "02HmyteR4qq",
          "checksum": "7cb9adbe8d35bcb5ca53a58c55db862e"
        },
        {
          "type": "cssRules",
          "assetId": "02HmyteR4qq",
          "checksum": "7cb9adbe8d35bcb5ca53a58c55db862e"
        },
        {
          "type": "icon",
          "assetId": "2oSyQCFheDJ",
          "checksum": "2ad78f67ebf1bcaac2982b220ebb57f7"
        },
        {
          "type": "icon",
          "assetId": "XBieVn7nEqJ",
          "checksum": "47b90455dd7f7dd654dc5ff8f06f2bf7"
        },
        {
          "type": "image",
          "assetId": "CwGLW5Nm6",
          "checksum": "d65b667f3650bfca706e6b714834604b"
        },
        {
          "type": "renderModule",
          "assetId": "-w4zVRfnGC",
          "checksum": "79630e62b93f67c1326263d588e76303"
        },
        {
          "type": "cssRules",
          "assetId": "-w4zVRfnGC",
          "checksum": "79630e62b93f67c1326263d588e76303"
        },
        {
          "type": "icon",
          "assetId": "8wYuQ9ltP1",
          "checksum": "d70dd07d34ffdc7296fe6272846a89e6"
        },
        {
          "type": "renderModule",
          "assetId": "01XWUA7Wd5",
          "checksum": "9334d495903544df9ebcc0d18436cdc9"
        },
        {
          "type": "cssRules",
          "assetId": "01XWUA7Wd5",
          "checksum": "9334d495903544df9ebcc0d18436cdc9"
        },
        {
          "assetId": "62fk78rY9xoShC3bnaKgA9",
          "type": "projectCss",
          "checksum": "632197d151a93dc22cc3efe3760f89b5"
        }
      ],
      "codegenVersion": "0.0.1"
    },
    {
      "projectId": "r3ASNrnyvLLLAtDvzUioQ",
      "version": "3.15.0",
      "dependencies": {},
      "lang": "ts",
      "fileLocks": [
        {
          "assetId": "r3ASNrnyvLLLAtDvzUioQ",
          "type": "projectCss",
          "checksum": "97ec772be5160e37b26814fd84fdccb9"
        }
      ],
      "codegenVersion": "0.0.1"
    },
    {
      "projectId": "caTPwKxj5ZrD9LQ7DMdK4Z",
      "version": "3.19.0",
      "dependencies": {},
      "lang": "ts",
      "fileLocks": [
        {
          "assetId": "caTPwKxj5ZrD9LQ7DMdK4Z",
          "type": "projectCss",
          "checksum": "9fe64c4dd8439ba4d2df6de161f0ad40"
        }
      ],
      "codegenVersion": "0.0.1"
    },
    {
      "projectId": "ohDidvG9XsCeFumugENU3J",
      "version": "4.6.0",
      "dependencies": {},
      "lang": "ts",
      "fileLocks": [
        {
          "assetId": "ohDidvG9XsCeFumugENU3J",
          "type": "projectCss",
          "checksum": "fd83b730367fdbde2c69bc6cf31c2a3c"
        },
        {
          "assetId": "ohDidvG9XsCeFumugENU3J",
          "checksum": "8f45a75070e2f0edc34a4dc3d5f6b736",
          "type": "globalContexts"
        }
      ],
      "codegenVersion": "0.0.1"
    },
    {
      "projectId": "enk3K4vZ6pmH6kVCoZJXGn",
      "version": "4.15.0",
      "dependencies": {},
      "lang": "ts",
      "fileLocks": [
        {
          "assetId": "enk3K4vZ6pmH6kVCoZJXGn",
          "type": "projectCss",
          "checksum": "46129a8140f7bf604dec903e19777f53"
        }
      ],
      "codegenVersion": "0.0.1"
    }
  ],
  "cliVersion": "0.1.292"
}
