{
  "projects": [
    {
      "projectId": "22U3ZXm4dE59qEW488gxzU",
      "version": "0.17.0",
      "dependencies": {},
      "lang": "ts",
      "fileLocks": [
        {
          "assetId": "22U3ZXm4dE59qEW488gxzU",
          "type": "projectCss",
          "checksum": "378b46b2b5bf0308d8e810f8a369fe93"
        },
        {
          "assetId": "22U3ZXm4dE59qEW488gxzU",
          "checksum": "6841b93ead8782d589ba61e703f58b25",
          "type": "globalContexts"
        }
      ],
      "codegenVersion": "0.0.1"
    },
    {
      "projectId": "62fk78rY9xoShC3bnaKgA9",
      "version": "latest",
      "dependencies": {
        "22U3ZXm4dE59qEW488gxzU": "0.17.0",
        "r3ASNrnyvLLLAtDvzUioQ": "3.15.0"
      },
      "lang": "ts",
      "fileLocks": [
        {
          "type": "globalVariant",
          "assetId": "7Yt-akblAUxFb",
          "checksum": "97dff1a0ac743c2560dd1153b3cfac7d"
        },
        {
          "assetId": "62fk78rY9xoShC3bnaKgA9",
          "checksum": "00337ec270bbc7684fd86381602ed3e6",
          "type": "globalContexts"
        },
        {
          "type": "renderModule",
          "assetId": "qFoMLkshDIMc",
          "checksum": "bf6f72425fe456c75a8424b4d46807a9"
        },
        {
          "type": "cssRules",
          "assetId": "qFoMLkshDIMc",
          "checksum": "bf6f72425fe456c75a8424b4d46807a9"
        },
        {
          "type": "renderModule",
          "assetId": "-10-aw9bNw",
          "checksum": "9481e28f87a7803d7b0c4ed272120e56"
        },
        {
          "type": "cssRules",
          "assetId": "-10-aw9bNw",
          "checksum": "9481e28f87a7803d7b0c4ed272120e56"
        },
        {
          "assetId": "62fk78rY9xoShC3bnaKgA9",
          "type": "projectCss",
          "checksum": "08090d09ba854f7036bb190b37146203"
        },
        {
          "type": "renderModule",
          "assetId": "tCLmdV1-a5",
          "checksum": "f8a603ae44af2f2f8658b9e6bc729ccc"
        },
        {
          "type": "cssRules",
          "assetId": "tCLmdV1-a5",
          "checksum": "f8a603ae44af2f2f8658b9e6bc729ccc"
        }
      ],
      "codegenVersion": "0.0.1"
    },
    {
      "projectId": "r3ASNrnyvLLLAtDvzUioQ",
      "version": "3.15.0",
      "dependencies": {},
      "lang": "ts",
      "fileLocks": [
        {
          "assetId": "r3ASNrnyvLLLAtDvzUioQ",
          "type": "projectCss",
          "checksum": "97ec772be5160e37b26814fd84fdccb9"
        }
      ],
      "codegenVersion": "0.0.1"
    }
  ],
  "cliVersion": "0.1.292"
}
